{
  "originHash" : "79dce5428caa1405ac606b31abf83743efd0ac04437577c389c94171977200ce",
  "pins" : [
    {
      "identity" : "ios-places-sdk",
      "kind" : "remoteSourceControl",
      "location" : "https://github.com/googlemaps/ios-places-sdk",
      "state" : {
        "revision" : "2960dc2278a84e1daf1f16b417c978a96920ecdd",
        "version" : "10.10.0"
      }
    }
  ],
  "version" : 3
}
